<Solution>
  <Project Path="src/BallisticSolutions/BallisticSolutions.csproj" />
  <Project Path="src/BallisticSolutions.Godot/BallisticSolutions.Godot.csproj" />
  <Project Path="tests/BallisticSolutions.Tests/BallisticSolutions.Tests.csproj" />
  <Project Path="tests/BallisticSolutions.Godot.Tests/BallisticSolutions.Godot.Tests.csproj" />
</Solution>
